PODS:
  - Flutter (1.0.0)
  - onesignal_flutter (3.1.0):
    - Flutter
    - OneSignalXCFramework (= 3.5.3)
  - OneSignalXCFramework (3.5.3)

DEPENDENCIES:
  - Flutter (from `Flutter`)
  - onesignal_flutter (from `.symlinks/plugins/onesignal_flutter/ios`)
  - OneSignalXCFramework (< 4.0, >= 3.0.0)

SPEC REPOS:
  trunk:
    - OneSignalXCFramework

EXTERNAL SOURCES:
  Flutter:
    :path: Flutter
  onesignal_flutter:
    :path: ".symlinks/plugins/onesignal_flutter/ios"

SPEC CHECKSUMS:
  Flutter: 434fef37c0980e73bb6479ef766c45957d4b510c
  onesignal_flutter: 79eb89d25249b078d3c358fb7827b22909f7fbed
  OneSignalXCFramework: 4e08d8353adec161c3d9174e2572c849e1225c9f

PODFILE CHECKSUM: b074b7b0bedd9b715d33807e4b6c0f0dcee63e1e

COCOAPODS: 1.10.1
